
Microsoft Visual Studio Solution File, Format Version 12.00
# Visual Studio 14
VisualStudioVersion = 14.0.22310.1
MinimumVisualStudioVersion = 10.0.40219.1
Project("{FAE04EC0-301F-11D3-BF4B-00C04F79EFBC}") = "PerfTestHarness", "PerfTestHarness\PerfTestHarness.csproj", "{A0CCC435-F95F-4D0A-B2D1-93908767A2A4}"
EndProject
Project("{FAE04EC0-301F-11D3-BF4B-00C04F79EFBC}") = "PerfTestHarness.Tests", "PerfTestHarnessTests\PerfTestHarness.Tests.csproj", "{BCB9AEBD-F9D0-4A35-8248-84F54A4D7AC0}"
EndProject
Project("{2150E333-8FDC-42A3-9474-1A3956D46DE8}") = "Scripts", "Scripts", "{3F232623-618E-4D66-BA36-2B9727D11792}"
	ProjectSection(SolutionItems) = preProject
		MongoCS.cmd = MongoCS.cmd
	EndProjectSection
EndProject
Global
	GlobalSection(SolutionConfigurationPlatforms) = preSolution
		Debug|Any CPU = Debug|Any CPU
		Release|Any CPU = Release|Any CPU
	EndGlobalSection
	GlobalSection(ProjectConfigurationPlatforms) = postSolution
		{A0CCC435-F95F-4D0A-B2D1-93908767A2A4}.Debug|Any CPU.ActiveCfg = Debug|Any CPU
		{A0CCC435-F95F-4D0A-B2D1-93908767A2A4}.Debug|Any CPU.Build.0 = Debug|Any CPU
		{A0CCC435-F95F-4D0A-B2D1-93908767A2A4}.Release|Any CPU.ActiveCfg = Release|Any CPU
		{A0CCC435-F95F-4D0A-B2D1-93908767A2A4}.Release|Any CPU.Build.0 = Release|Any CPU
		{BCB9AEBD-F9D0-4A35-8248-84F54A4D7AC0}.Debug|Any CPU.ActiveCfg = Debug|Any CPU
		{BCB9AEBD-F9D0-4A35-8248-84F54A4D7AC0}.Debug|Any CPU.Build.0 = Debug|Any CPU
		{BCB9AEBD-F9D0-4A35-8248-84F54A4D7AC0}.Release|Any CPU.ActiveCfg = Release|Any CPU
		{BCB9AEBD-F9D0-4A35-8248-84F54A4D7AC0}.Release|Any CPU.Build.0 = Release|Any CPU
	EndGlobalSection
	GlobalSection(SolutionProperties) = preSolution
		HideSolutionNode = FALSE
	EndGlobalSection
EndGlobal
